
Microsoft Visual Studio Solution File, Format Version 12.00
# Visual Studio Version 17
VisualStudioVersion = 17.14.36930.0
MinimumVisualStudioVersion = 10.0.40219.1
Project("{FAE04EC0-301F-11D3-BF4B-00C04F79EFBC}") = "ComicViewer", "ComicViewer\ComicViewer.csproj", "{0950B26F-1F3D-468F-A0CA-E1401FD748C6}"
EndProject
Project("{FAE04EC0-301F-11D3-BF4B-00C04F79EFBC}") = "ComicViewer.Tests", "ComicViewer.Tests\ComicViewer.Tests.csproj", "{A3D1A2FF-3DE5-4AFD-AE84-C34D1231155D}"
EndProject
Global
	GlobalSection(SolutionConfigurationPlatforms) = preSolution
		Debug|Any CPU = Debug|Any CPU
		Debug|x64 = Debug|x64
		Debug|x86 = Debug|x86
		Release|Any CPU = Release|Any CPU
		Release|x64 = Release|x64
		Release|x86 = Release|x86
	EndGlobalSection
	GlobalSection(ProjectConfigurationPlatforms) = postSolution
		{0950B26F-1F3D-468F-A0CA-E1401FD748C6}.Debug|Any CPU.ActiveCfg = Debug|Any CPU
		{0950B26F-1F3D-468F-A0CA-E1401FD748C6}.Debug|Any CPU.Build.0 = Debug|Any CPU
		{0950B26F-1F3D-468F-A0CA-E1401FD748C6}.Debug|x64.ActiveCfg = Debug|Any CPU
		{0950B26F-1F3D-468F-A0CA-E1401FD748C6}.Debug|x64.Build.0 = Debug|Any CPU
		{0950B26F-1F3D-468F-A0CA-E1401FD748C6}.Debug|x86.ActiveCfg = Debug|Any CPU
		{0950B26F-1F3D-468F-A0CA-E1401FD748C6}.Debug|x86.Build.0 = Debug|Any CPU
		{0950B26F-1F3D-468F-A0CA-E1401FD748C6}.Release|Any CPU.ActiveCfg = Release|Any CPU
		{0950B26F-1F3D-468F-A0CA-E1401FD748C6}.Release|Any CPU.Build.0 = Release|Any CPU
		{0950B26F-1F3D-468F-A0CA-E1401FD748C6}.Release|x64.ActiveCfg = Release|Any CPU
		{0950B26F-1F3D-468F-A0CA-E1401FD748C6}.Release|x64.Build.0 = Release|Any CPU
		{0950B26F-1F3D-468F-A0CA-E1401FD748C6}.Release|x86.ActiveCfg = Release|Any CPU
		{0950B26F-1F3D-468F-A0CA-E1401FD748C6}.Release|x86.Build.0 = Release|Any CPU
		{A3D1A2FF-3DE5-4AFD-AE84-C34D1231155D}.Debug|Any CPU.ActiveCfg = Debug|Any CPU
		{A3D1A2FF-3DE5-4AFD-AE84-C34D1231155D}.Debug|Any CPU.Build.0 = Debug|Any CPU
		{A3D1A2FF-3DE5-4AFD-AE84-C34D1231155D}.Debug|x64.ActiveCfg = Debug|Any CPU
		{A3D1A2FF-3DE5-4AFD-AE84-C34D1231155D}.Debug|x64.Build.0 = Debug|Any CPU
		{A3D1A2FF-3DE5-4AFD-AE84-C34D1231155D}.Debug|x86.ActiveCfg = Debug|Any CPU
		{A3D1A2FF-3DE5-4AFD-AE84-C34D1231155D}.Debug|x86.Build.0 = Debug|Any CPU
		{A3D1A2FF-3DE5-4AFD-AE84-C34D1231155D}.Release|Any CPU.ActiveCfg = Release|Any CPU
		{A3D1A2FF-3DE5-4AFD-AE84-C34D1231155D}.Release|Any CPU.Build.0 = Release|Any CPU
		{A3D1A2FF-3DE5-4AFD-AE84-C34D1231155D}.Release|x64.ActiveCfg = Release|Any CPU
		{A3D1A2FF-3DE5-4AFD-AE84-C34D1231155D}.Release|x64.Build.0 = Release|Any CPU
		{A3D1A2FF-3DE5-4AFD-AE84-C34D1231155D}.Release|x86.ActiveCfg = Release|Any CPU
		{A3D1A2FF-3DE5-4AFD-AE84-C34D1231155D}.Release|x86.Build.0 = Release|Any CPU
	EndGlobalSection
	GlobalSection(SolutionProperties) = preSolution
		HideSolutionNode = FALSE
	EndGlobalSection
	GlobalSection(ExtensibilityGlobals) = postSolution
		SolutionGuid = {2D1110F7-016B-472B-AA7E-D9EC130E9C6D}
	EndGlobalSection
EndGlobal
